{
  "meteor": {},
  "dependencies": {
    "basePackages": {
      "iron-router": {},
      "accounts-entry": {
        "git": "https://github.com/Differential/accounts-entry.git",
        "branch": "master"
      },
      "handlebars-server": {},
      "simple-form": {},
      "minimongoid": {},
      "timeago": {},
      "npm": {},
      "mocha-web": {
        "git": "https://github.com/mad-eye/meteor-mocha-web",
        "branch": "mtr"
      },
      "s3-uploader": {
        "git": "https://github.com/Differential/meteor-s3-uploader.git",
        "branch": "master"
      },
      "reactive-table": {},
      "inflectionizer": {},
      "velocity": {}
    },
    "packages": {
      "iron-router": {
        "git": "https://github.com/EventedMind/iron-router.git",
        "tag": "v0.7.1",
        "commit": "d1ffb3f06ea4c112132b030f2eb1a70b81675ecb"
      },
      "accounts-entry": {
        "git": "https://github.com/Differential/accounts-entry.git",
        "branch": "master",
        "commit": "e439e21985e91d71c4b93cdb3231cabc998db6a8"
      },
      "handlebars-server": {
        "git": "https://github.com/EventedMind/meteor-handlebars-server.git",
        "tag": "v1.2.0",
        "commit": "1b72c4e9d82af66293e50be4516c487d15d97464"
      },
      "simple-form": {
        "git": "https://github.com/Differential/simple-form.git",
        "tag": "v0.1.1",
        "commit": "71360a47bd0c039b5e775c12c8ca87ee0e44a859"
      },
      "minimongoid": {
        "git": "https://github.com/Exygy/minimongoid.git",
        "tag": "v0.8.3",
        "commit": "8a4849426f1775f9886f303067e50877696fae43"
      },
      "timeago": {
        "git": "https://github.com/Differential/timeago.git",
        "tag": "v0.0.4",
        "commit": "60914e8ea3d930febc724febdf137bcd818cb49d"
      },
      "npm": {
        "git": "https://github.com/arunoda/meteor-npm.git",
        "tag": "v0.2.6",
        "commit": "177ab6118de5bf8cffb19481343d5762ff7a2aaf"
      },
      "mocha-web": {
        "git": "https://github.com/mad-eye/meteor-mocha-web",
        "branch": "mtr",
        "commit": "44a47d87437558d623709ee99b21a82cb54dcd43"
      },
      "s3-uploader": {
        "git": "https://github.com/Differential/meteor-s3-uploader.git",
        "branch": "master",
        "commit": "6182eabd4ec76fffdf4586479f7663882e89bd03"
      },
      "reactive-table": {
        "git": "https://github.com/ecohealthalliance/reactive-table.git",
        "tag": "v0.3.9",
        "commit": "daaf8bb85fff77b652b872ecda69117bfcd230dd"
      },
      "inflectionizer": {
        "git": "https://github.com/Differential/inflectionizer.git",
        "tag": "v0.2.0",
        "commit": "03d91efe8eb9461e5752d66de560e6c9db9bcce0"
      },
      "velocity": {
        "git": "https://github.com/xolvio/velocity.git",
        "tag": "v0.1.0",
        "commit": "ea9cfbf626aa29e3384ff84344c4029ee30cf00a"
      },
      "blaze-layout": {
        "git": "https://github.com/EventedMind/blaze-layout.git",
        "tag": "v0.2.4",
        "commit": "b40e9b0612329288d75cf52ad14a7da64bb8618f"
      },
      "accounts-t9n": {
        "git": "https://github.com/softwarerero/meteor-accounts-t9n.git",
        "tag": "v0.0.5",
        "commit": "ad9539a8818049d5d9fa050d8b2a1f62706483b1"
      },
      "underscore-string-latest": {
        "git": "https://github.com/TimHeckel/meteor-underscore-string.git",
        "tag": "v2.3.3",
        "commit": "4a5d70eee48fbd90a6e6fc78747250d704a0b3bb"
      },
      "collection-hooks": {
        "git": "https://github.com/matb33/meteor-collection-hooks.git",
        "tag": "v0.6.3",
        "commit": "70f2598bf991cb36effd72aea2555cba96f88355"
      },
      "momentjs": {
        "git": "https://github.com/crapthings/meteor-momentjs.git",
        "tag": "v2.1.0.2",
        "commit": "59a762e297082eea8b8cae00374c2b7ac6f89529"
      },
      "roles": {
        "git": "https://github.com/alanning/meteor-roles.git",
        "tag": "v1.2.8",
        "commit": "68844ba216c348d332bdb840825850f497f515bb"
      },
      "bootboxjs": {
        "git": "https://github.com/digilord/meteor-bootboxjs.git",
        "branch": "master",
        "commit": "64c297ee6205ca1dc13a610e0b55092f93916d0d"
      },
      "just-i18n": {
        "git": "https://github.com/subhog/meteor-just-i18n.git",
        "tag": "v0.2.4",
        "commit": "91decfcf5b3b5e67f202a67658350b862330bf3d"
      }
    }
  }
}
